// !$*UTF8*$!
{
	archiveVersion = 1;
	classes = {
	};
	objectVersion = 52;
	objects = {

/* Begin PBXBuildFile section */
		D205676123C1F73300EE71CE /* AppDelegate.swift in Sources */ = {isa = PBXBuildFile; fileRef = D205676023C1F73300EE71CE /* AppDelegate.swift */; };
		D205676323C1F73300EE71CE /* SceneDelegate.swift in Sources */ = {isa = PBXBuildFile; fileRef = D205676223C1F73300EE71CE /* SceneDelegate.swift */; };
		D205676523C1F73300EE71CE /* ContentView.swift in Sources */ = {isa = PBXBuildFile; fileRef = D205676423C1F73300EE71CE /* ContentView.swift */; };
		D205676723C1F73500EE71CE /* Assets.xcassets in Resources */ = {isa = PBXBuildFile; fileRef = D205676623C1F73500EE71CE /* Assets.xcassets */; };
		D205676A23C1F73500EE71CE /* Preview Assets.xcassets in Resources */ = {isa = PBXBuildFile; fileRef = D205676923C1F73500EE71CE /* Preview Assets.xcassets */; };
		D205676D23C1F73500EE71CE /* LaunchScreen.storyboard in Resources */ = {isa = PBXBuildFile; fileRef = D205676B23C1F73500EE71CE /* LaunchScreen.storyboard */; };
		D205677723C1F9F600EE71CE /* mainMeter.swift in Sources */ = {isa = PBXBuildFile; fileRef = D205677623C1F9F600EE71CE /* mainMeter.swift */; };
		D205677B23C2197600EE71CE /* data.json in Resources */ = {isa = PBXBuildFile; fileRef = D205677A23C2197600EE71CE /* data.json */; };
		D211CCFD23C2921400E2D8D6 /* XGPS in Frameworks */ = {isa = PBXBuildFile; productRef = D211CCFC23C2921400E2D8D6 /* XGPS */; };
		D22606C923C24386001AEB39 /* settingsView.swift in Sources */ = {isa = PBXBuildFile; fileRef = D22606C823C24386001AEB39 /* settingsView.swift */; };
		D226F2DD23C27E4A00F11712 /* mapView.swift in Sources */ = {isa = PBXBuildFile; fileRef = D226F2DC23C27E4A00F11712 /* mapView.swift */; };
		D226F2E123C27F3A00F11712 /* MapKit.framework in Frameworks */ = {isa = PBXBuildFile; fileRef = D226F2E023C27F3A00F11712 /* MapKit.framework */; };
		D2DD26E523C4CEF90000663F /* mapCoordinator.swift in Sources */ = {isa = PBXBuildFile; fileRef = D2DD26E423C4CEF80000663F /* mapCoordinator.swift */; };
/* End PBXBuildFile section */

/* Begin PBXFileReference section */
		D205675D23C1F73300EE71CE /* speedCamDetector.app */ = {isa = PBXFileReference; explicitFileType = wrapper.application; includeInIndex = 0; path = speedCamDetector.app; sourceTree = BUILT_PRODUCTS_DIR; };
		D205676023C1F73300EE71CE /* AppDelegate.swift */ = {isa = PBXFileReference; lastKnownFileType = sourcecode.swift; path = AppDelegate.swift; sourceTree = "<group>"; };
		D205676223C1F73300EE71CE /* SceneDelegate.swift */ = {isa = PBXFileReference; lastKnownFileType = sourcecode.swift; path = SceneDelegate.swift; sourceTree = "<group>"; };
		D205676423C1F73300EE71CE /* ContentView.swift */ = {isa = PBXFileReference; lastKnownFileType = sourcecode.swift; path = ContentView.swift; sourceTree = "<group>"; };
		D205676623C1F73500EE71CE /* Assets.xcassets */ = {isa = PBXFileReference; lastKnownFileType = folder.assetcatalog; path = Assets.xcassets; sourceTree = "<group>"; };
		D205676923C1F73500EE71CE /* Preview Assets.xcassets */ = {isa = PBXFileReference; lastKnownFileType = folder.assetcatalog; path = "Preview Assets.xcassets"; sourceTree = "<group>"; };
		D205676C23C1F73500EE71CE /* Base */ = {isa = PBXFileReference; lastKnownFileType = file.storyboard; name = Base; path = Base.lproj/LaunchScreen.storyboard; sourceTree = "<group>"; };
		D205676E23C1F73500EE71CE /* Info.plist */ = {isa = PBXFileReference; lastKnownFileType = text.plist.xml; path = Info.plist; sourceTree = "<group>"; };
		D205677623C1F9F600EE71CE /* mainMeter.swift */ = {isa = PBXFileReference; lastKnownFileType = sourcecode.swift; path = mainMeter.swift; sourceTree = "<group>"; };
		D205677A23C2197600EE71CE /* data.json */ = {isa = PBXFileReference; fileEncoding = 4; lastKnownFileType = text.json; path = data.json; sourceTree = "<group>"; };
		D22606C823C24386001AEB39 /* settingsView.swift */ = {isa = PBXFileReference; lastKnownFileType = sourcecode.swift; path = settingsView.swift; sourceTree = "<group>"; };
		D226F2DC23C27E4A00F11712 /* mapView.swift */ = {isa = PBXFileReference; lastKnownFileType = sourcecode.swift; path = mapView.swift; sourceTree = "<group>"; };
		D226F2DE23C27F2300F11712 /* speedCamDetector.entitlements */ = {isa = PBXFileReference; lastKnownFileType = text.plist.entitlements; path = speedCamDetector.entitlements; sourceTree = "<group>"; };
		D226F2E023C27F3A00F11712 /* MapKit.framework */ = {isa = PBXFileReference; lastKnownFileType = wrapper.framework; name = MapKit.framework; path = System/Library/Frameworks/MapKit.framework; sourceTree = SDKROOT; };
		D2DD26E423C4CEF80000663F /* mapCoordinator.swift */ = {isa = PBXFileReference; fileEncoding = 4; lastKnownFileType = sourcecode.swift; path = mapCoordinator.swift; sourceTree = "<group>"; };
/* End PBXFileReference section */

/* Begin PBXFrameworksBuildPhase section */
		D205675A23C1F73300EE71CE /* Frameworks */ = {
			isa = PBXFrameworksBuildPhase;
			buildActionMask = 2147483647;
			files = (
				D211CCFD23C2921400E2D8D6 /* XGPS in Frameworks */,
				D226F2E123C27F3A00F11712 /* MapKit.framework in Frameworks */,
			);
			runOnlyForDeploymentPostprocessing = 0;
		};
/* End PBXFrameworksBuildPhase section */

/* Begin PBXGroup section */
		D205675423C1F73300EE71CE = {
			isa = PBXGroup;
			children = (
				D205675F23C1F73300EE71CE /* speedCamDetector */,
				D205675E23C1F73300EE71CE /* Products */,
				D226F2DF23C27F3A00F11712 /* Frameworks */,
			);
			sourceTree = "<group>";
		};
		D205675E23C1F73300EE71CE /* Products */ = {
			isa = PBXGroup;
			children = (
				D205675D23C1F73300EE71CE /* speedCamDetector.app */,
			);
			name = Products;
			sourceTree = "<group>";
		};
		D205675F23C1F73300EE71CE /* speedCamDetector */ = {
			isa = PBXGroup;
			children = (
				D226F2DE23C27F2300F11712 /* speedCamDetector.entitlements */,
				D205676023C1F73300EE71CE /* AppDelegate.swift */,
				D205676223C1F73300EE71CE /* SceneDelegate.swift */,
				D205676423C1F73300EE71CE /* ContentView.swift */,
				D22606C823C24386001AEB39 /* settingsView.swift */,
				D205677623C1F9F600EE71CE /* mainMeter.swift */,
				D205676623C1F73500EE71CE /* Assets.xcassets */,
				D205677A23C2197600EE71CE /* data.json */,
				D205676B23C1F73500EE71CE /* LaunchScreen.storyboard */,
				D205676E23C1F73500EE71CE /* Info.plist */,
				D226F2DC23C27E4A00F11712 /* mapView.swift */,
				D2DD26E323C4CEF80000663F /* Coordinator */,
				D205676823C1F73500EE71CE /* Preview Content */,
			);
			path = speedCamDetector;
			sourceTree = "<group>";
		};
		D205676823C1F73500EE71CE /* Preview Content */ = {
			isa = PBXGroup;
			children = (
				D205676923C1F73500EE71CE /* Preview Assets.xcassets */,
			);
			path = "Preview Content";
			sourceTree = "<group>";
		};
		D226F2DF23C27F3A00F11712 /* Frameworks */ = {
			isa = PBXGroup;
			children = (
				D226F2E023C27F3A00F11712 /* MapKit.framework */,
			);
			name = Frameworks;
			sourceTree = "<group>";
		};
		D2DD26E323C4CEF80000663F /* Coordinator */ = {
			isa = PBXGroup;
			children = (
				D2DD26E423C4CEF80000663F /* mapCoordinator.swift */,
			);
			path = Coordinator;
			sourceTree = "<group>";
		};
/* End PBXGroup section */

/* Begin PBXNativeTarget section */
		D205675C23C1F73300EE71CE /* speedCamDetector */ = {
			isa = PBXNativeTarget;
			buildConfigurationList = D205677123C1F73500EE71CE /* Build configuration list for PBXNativeTarget "speedCamDetector" */;
			buildPhases = (
				D205675923C1F73300EE71CE /* Sources */,
				D205675A23C1F73300EE71CE /* Frameworks */,
				D205675B23C1F73300EE71CE /* Resources */,
			);
			buildRules = (
			);
			dependencies = (
			);
			name = speedCamDetector;
			packageProductDependencies = (
				D211CCFC23C2921400E2D8D6 /* XGPS */,
			);
			productName = speedCamDetector;
			productReference = D205675D23C1F73300EE71CE /* speedCamDetector.app */;
			productType = "com.apple.product-type.application";
		};
/* End PBXNativeTarget section */

/* Begin PBXProject section */
		D205675523C1F73300EE71CE /* Project object */ = {
			isa = PBXProject;
			attributes = {
				LastSwiftUpdateCheck = 1120;
				LastUpgradeCheck = 1120;
				ORGANIZATIONNAME = FXTLiDEV;
				TargetAttributes = {
					D205675C23C1F73300EE71CE = {
						CreatedOnToolsVersion = 11.2;
					};
				};
			};
			buildConfigurationList = D205675823C1F73300EE71CE /* Build configuration list for PBXProject "speedCamDetector" */;
			compatibilityVersion = "Xcode 9.3";
			developmentRegion = en;
			hasScannedForEncodings = 0;
			knownRegions = (
				en,
				Base,
			);
			mainGroup = D205675423C1F73300EE71CE;
			packageReferences = (
				D211CCFB23C2921400E2D8D6 /* XCRemoteSwiftPackageReference "XGPS" */,
			);
			productRefGroup = D205675E23C1F73300EE71CE /* Products */;
			projectDirPath = "";
			projectRoot = "";
			targets = (
				D205675C23C1F73300EE71CE /* speedCamDetector */,
			);
		};
/* End PBXProject section */

/* Begin PBXResourcesBuildPhase section */
		D205675B23C1F73300EE71CE /* Resources */ = {
			isa = PBXResourcesBuildPhase;
			buildActionMask = 2147483647;
			files = (
				D205677B23C2197600EE71CE /* data.json in Resources */,
				D205676D23C1F73500EE71CE /* LaunchScreen.storyboard in Resources */,
				D205676A23C1F73500EE71CE /* Preview Assets.xcassets in Resources */,
				D205676723C1F73500EE71CE /* Assets.xcassets in Resources */,
			);
			runOnlyForDeploymentPostprocessing = 0;
		};
/* End PBXResourcesBuildPhase section */

/* Begin PBXSourcesBuildPhase section */
		D205675923C1F73300EE71CE /* Sources */ = {
			isa = PBXSourcesBuildPhase;
			buildActionMask = 2147483647;
			files = (
				D205677723C1F9F600EE71CE /* mainMeter.swift in Sources */,
				D205676123C1F73300EE71CE /* AppDelegate.swift in Sources */,
				D2DD26E523C4CEF90000663F /* mapCoordinator.swift in Sources */,
				D205676323C1F73300EE71CE /* SceneDelegate.swift in Sources */,
				D22606C923C24386001AEB39 /* settingsView.swift in Sources */,
				D205676523C1F73300EE71CE /* ContentView.swift in Sources */,
				D226F2DD23C27E4A00F11712 /* mapView.swift in Sources */,
			);
			runOnlyForDeploymentPostprocessing = 0;
		};
/* End PBXSourcesBuildPhase section */

/* Begin PBXVariantGroup section */
		D205676B23C1F73500EE71CE /* LaunchScreen.storyboard */ = {
			isa = PBXVariantGroup;
			children = (
				D205676C23C1F73500EE71CE /* Base */,
			);
			name = LaunchScreen.storyboard;
			sourceTree = "<group>";
		};
/* End PBXVariantGroup section */

/* Begin XCBuildConfiguration section */
		D205676F23C1F73500EE71CE /* Debug */ = {
			isa = XCBuildConfiguration;
			buildSettings = {
				ALWAYS_SEARCH_USER_PATHS = NO;
				CLANG_ANALYZER_NONNULL = YES;
				CLANG_ANALYZER_NUMBER_OBJECT_CONVERSION = YES_AGGRESSIVE;
				CLANG_CXX_LANGUAGE_STANDARD = "gnu++14";
				CLANG_CXX_LIBRARY = "libc++";
				CLANG_ENABLE_MODULES = YES;
				CLANG_ENABLE_OBJC_ARC = YES;
				CLANG_ENABLE_OBJC_WEAK = YES;
				CLANG_WARN_BLOCK_CAPTURE_AUTORELEASING = YES;
				CLANG_WARN_BOOL_CONVERSION = YES;
				CLANG_WARN_COMMA = YES;
				CLANG_WARN_CONSTANT_CONVERSION = YES;
				CLANG_WARN_DEPRECATED_OBJC_IMPLEMENTATIONS = YES;
				CLANG_WARN_DIRECT_OBJC_ISA_USAGE = YES_ERROR;
				CLANG_WARN_DOCUMENTATION_COMMENTS = YES;
				CLANG_WARN_EMPTY_BODY = YES;
				CLANG_WARN_ENUM_CONVERSION = YES;
				CLANG_WARN_INFINITE_RECURSION = YES;
				CLANG_WARN_INT_CONVERSION = YES;
				CLANG_WARN_NON_LITERAL_NULL_CONVERSION = YES;
				CLANG_WARN_OBJC_IMPLICIT_RETAIN_SELF = YES;
				CLANG_WARN_OBJC_LITERAL_CONVERSION = YES;
				CLANG_WARN_OBJC_ROOT_CLASS = YES_ERROR;
				CLANG_WARN_RANGE_LOOP_ANALYSIS = YES;
				CLANG_WARN_STRICT_PROTOTYPES = YES;
				CLANG_WARN_SUSPICIOUS_MOVE = YES;
				CLANG_WARN_UNGUARDED_AVAILABILITY = YES_AGGRESSIVE;
				CLANG_WARN_UNREACHABLE_CODE = YES;
				CLANG_WARN__DUPLICATE_METHOD_MATCH = YES;
				COPY_PHASE_STRIP = NO;
				DEBUG_INFORMATION_FORMAT = dwarf;
				ENABLE_STRICT_OBJC_MSGSEND = YES;
				ENABLE_TESTABILITY = YES;
				GCC_C_LANGUAGE_STANDARD = gnu11;
				GCC_DYNAMIC_NO_PIC = NO;
				GCC_NO_COMMON_BLOCKS = YES;
				GCC_OPTIMIZATION_LEVEL = 0;
				GCC_PREPROCESSOR_DEFINITIONS = (
					"DEBUG=1",
					"$(inherited)",
				);
				GCC_WARN_64_TO_32_BIT_CONVERSION = YES;
				GCC_WARN_ABOUT_RETURN_TYPE = YES_ERROR;
				GCC_WARN_UNDECLARED_SELECTOR = YES;
				GCC_WARN_UNINITIALIZED_AUTOS = YES_AGGRESSIVE;
				GCC_WARN_UNUSED_FUNCTION = YES;
				GCC_WARN_UNUSED_VARIABLE = YES;
				IPHONEOS_DEPLOYMENT_TARGET = 13.2;
				MTL_ENABLE_DEBUG_INFO = INCLUDE_SOURCE;
				MTL_FAST_MATH = YES;
				ONLY_ACTIVE_ARCH = YES;
				SDKROOT = iphoneos;
				SWIFT_ACTIVE_COMPILATION_CONDITIONS = DEBUG;
				SWIFT_OPTIMIZATION_LEVEL = "-Onone";
			};
			name = Debug;
		};
		D205677023C1F73500EE71CE /* Release */ = {
			isa = XCBuildConfiguration;
			buildSettings = {
				ALWAYS_SEARCH_USER_PATHS = NO;
				CLANG_ANALYZER_NONNULL = YES;
				CLANG_ANALYZER_NUMBER_OBJECT_CONVERSION = YES_AGGRESSIVE;
				CLANG_CXX_LANGUAGE_STANDARD = "gnu++14";
				CLANG_CXX_LIBRARY = "libc++";
				CLANG_ENABLE_MODULES = YES;
				CLANG_ENABLE_OBJC_ARC = YES;
				CLANG_ENABLE_OBJC_WEAK = YES;
				CLANG_WARN_BLOCK_CAPTURE_AUTORELEASING = YES;
				CLANG_WARN_BOOL_CONVERSION = YES;
				CLANG_WARN_COMMA = YES;
				CLANG_WARN_CONSTANT_CONVERSION = YES;
				CLANG_WARN_DEPRECATED_OBJC_IMPLEMENTATIONS = YES;
				CLANG_WARN_DIRECT_OBJC_ISA_USAGE = YES_ERROR;
				CLANG_WARN_DOCUMENTATION_COMMENTS = YES;
				CLANG_WARN_EMPTY_BODY = YES;
				CLANG_WARN_ENUM_CONVERSION = YES;
				CLANG_WARN_INFINITE_RECURSION = YES;
				CLANG_WARN_INT_CONVERSION = YES;
				CLANG_WARN_NON_LITERAL_NULL_CONVERSION = YES;
				CLANG_WARN_OBJC_IMPLICIT_RETAIN_SELF = YES;
				CLANG_WARN_OBJC_LITERAL_CONVERSION = YES;
				CLANG_WARN_OBJC_ROOT_CLASS = YES_ERROR;
				CLANG_WARN_RANGE_LOOP_ANALYSIS = YES;
				CLANG_WARN_STRICT_PROTOTYPES = YES;
				CLANG_WARN_SUSPICIOUS_MOVE = YES;
				CLANG_WARN_UNGUARDED_AVAILABILITY = YES_AGGRESSIVE;
				CLANG_WARN_UNREACHABLE_CODE = YES;
				CLANG_WARN__DUPLICATE_METHOD_MATCH = YES;
				COPY_PHASE_STRIP = NO;
				DEBUG_INFORMATION_FORMAT = "dwarf-with-dsym";
				ENABLE_NS_ASSERTIONS = NO;
				ENABLE_STRICT_OBJC_MSGSEND = YES;
				GCC_C_LANGUAGE_STANDARD = gnu11;
				GCC_NO_COMMON_BLOCKS = YES;
				GCC_WARN_64_TO_32_BIT_CONVERSION = YES;
				GCC_WARN_ABOUT_RETURN_TYPE = YES_ERROR;
				GCC_WARN_UNDECLARED_SELECTOR = YES;
				GCC_WARN_UNINITIALIZED_AUTOS = YES_AGGRESSIVE;
				GCC_WARN_UNUSED_FUNCTION = YES;
				GCC_WARN_UNUSED_VARIABLE = YES;
				IPHONEOS_DEPLOYMENT_TARGET = 13.2;
				MTL_ENABLE_DEBUG_INFO = NO;
				MTL_FAST_MATH = YES;
				SDKROOT = iphoneos;
				SWIFT_COMPILATION_MODE = wholemodule;
				SWIFT_OPTIMIZATION_LEVEL = "-O";
				VALIDATE_PRODUCT = YES;
			};
			name = Release;
		};
		D205677223C1F73500EE71CE /* Debug */ = {
			isa = XCBuildConfiguration;
			buildSettings = {
				ASSETCATALOG_COMPILER_APPICON_NAME = AppIcon;
				CODE_SIGN_ENTITLEMENTS = speedCamDetector/speedCamDetector.entitlements;
				CODE_SIGN_STYLE = Automatic;
				DEVELOPMENT_ASSET_PATHS = "\"speedCamDetector/Preview Content\"";
				DEVELOPMENT_TEAM = ZP5A8E7DWH;
				ENABLE_PREVIEWS = YES;
				INFOPLIST_FILE = speedCamDetector/Info.plist;
				LD_RUNPATH_SEARCH_PATHS = (
					"$(inherited)",
					"@executable_path/Frameworks",
				);
				PRODUCT_BUNDLE_IDENTIFIER = com.FXTLi.speedCamDetector;
				PRODUCT_NAME = "$(TARGET_NAME)";
				SWIFT_VERSION = 5.0;
				TARGETED_DEVICE_FAMILY = 1;
			};
			name = Debug;
		};
		D205677323C1F73500EE71CE /* Release */ = {
			isa = XCBuildConfiguration;
			buildSettings = {
				ASSETCATALOG_COMPILER_APPICON_NAME = AppIcon;
				CODE_SIGN_ENTITLEMENTS = speedCamDetector/speedCamDetector.entitlements;
				CODE_SIGN_STYLE = Automatic;
				DEVELOPMENT_ASSET_PATHS = "\"speedCamDetector/Preview Content\"";
				DEVELOPMENT_TEAM = ZP5A8E7DWH;
				ENABLE_PREVIEWS = YES;
				INFOPLIST_FILE = speedCamDetector/Info.plist;
				LD_RUNPATH_SEARCH_PATHS = (
					"$(inherited)",
					"@executable_path/Frameworks",
				);
				PRODUCT_BUNDLE_IDENTIFIER = com.FXTLi.speedCamDetector;
				PRODUCT_NAME = "$(TARGET_NAME)";
				SWIFT_VERSION = 5.0;
				TARGETED_DEVICE_FAMILY = 1;
			};
			name = Release;
		};
/* End XCBuildConfiguration section */

/* Begin XCConfigurationList section */
		D205675823C1F73300EE71CE /* Build configuration list for PBXProject "speedCamDetector" */ = {
			isa = XCConfigurationList;
			buildConfigurations = (
				D205676F23C1F73500EE71CE /* Debug */,
				D205677023C1F73500EE71CE /* Release */,
			);
			defaultConfigurationIsVisible = 0;
			defaultConfigurationName = Release;
		};
		D205677123C1F73500EE71CE /* Build configuration list for PBXNativeTarget "speedCamDetector" */ = {
			isa = XCConfigurationList;
			buildConfigurations = (
				D205677223C1F73500EE71CE /* Debug */,
				D205677323C1F73500EE71CE /* Release */,
			);
			defaultConfigurationIsVisible = 0;
			defaultConfigurationName = Release;
		};
/* End XCConfigurationList section */

/* Begin XCRemoteSwiftPackageReference section */
		D211CCFB23C2921400E2D8D6 /* XCRemoteSwiftPackageReference "XGPS" */ = {
			isa = XCRemoteSwiftPackageReference;
			repositoryURL = "https://github.com/FalconLee1011/XGPS";
			requirement = {
				branch = master;
				kind = branch;
			};
		};
/* End XCRemoteSwiftPackageReference section */

/* Begin XCSwiftPackageProductDependency section */
		D211CCFC23C2921400E2D8D6 /* XGPS */ = {
			isa = XCSwiftPackageProductDependency;
			package = D211CCFB23C2921400E2D8D6 /* XCRemoteSwiftPackageReference "XGPS" */;
			productName = XGPS;
		};
/* End XCSwiftPackageProductDependency section */
	};
	rootObject = D205675523C1F73300EE71CE /* Project object */;
}
